
Microsoft Visual Studio Solution File, Format Version 11.00
# Visual C++ Express 2010
Project("{8BC9CEB8-8B4A-11D0-8D11-00A0C91BC942}") = "tesseract", "tesseract.vcxproj", "{06594C6D-6DA9-49DC-9A91-8F47221DDCFD}"
EndProject
Global
	GlobalSection(SolutionConfigurationPlatforms) = preSolution
		Debug|Win32 = Debug|Win32
		Debug|x64 = Debug|x64
		Profile|Win32 = Profile|Win32
		Profile|x64 = Profile|x64
		Release|Win32 = Release|Win32
		Release|x64 = Release|x64
	EndGlobalSection
	GlobalSection(ProjectConfigurationPlatforms) = postSolution
		{06594C6D-6DA9-49DC-9A91-8F47221DDCFD}.Debug|Win32.ActiveCfg = Debug|Win32
		{06594C6D-6DA9-49DC-9A91-8F47221DDCFD}.Debug|Win32.Build.0 = Debug|Win32
		{06594C6D-6DA9-49DC-9A91-8F47221DDCFD}.Debug|x64.ActiveCfg = Debug|x64
		{06594C6D-6DA9-49DC-9A91-8F47221DDCFD}.Debug|x64.Build.0 = Debug|x64
		{06594C6D-6DA9-49DC-9A91-8F47221DDCFD}.Profile|Win32.ActiveCfg = Profile|Win32
		{06594C6D-6DA9-49DC-9A91-8F47221DDCFD}.Profile|Win32.Build.0 = Profile|Win32
		{06594C6D-6DA9-49DC-9A91-8F47221DDCFD}.Profile|x64.ActiveCfg = Profile|x64
		{06594C6D-6DA9-49DC-9A91-8F47221DDCFD}.Profile|x64.Build.0 = Profile|x64
		{06594C6D-6DA9-49DC-9A91-8F47221DDCFD}.Release|Win32.ActiveCfg = Release|Win32
		{06594C6D-6DA9-49DC-9A91-8F47221DDCFD}.Release|Win32.Build.0 = Release|Win32
		{06594C6D-6DA9-49DC-9A91-8F47221DDCFD}.Release|x64.ActiveCfg = Release|x64
		{06594C6D-6DA9-49DC-9A91-8F47221DDCFD}.Release|x64.Build.0 = Release|x64
	EndGlobalSection
	GlobalSection(SolutionProperties) = preSolution
		HideSolutionNode = FALSE
	EndGlobalSection
EndGlobal
